
Microsoft Visual Studio Solution File, Format Version 12.00
# Visual Studio Version 17
VisualStudioVersion = 17.4.33205.214
MinimumVisualStudioVersion = 10.0.40219.1
Project("{888888A0-9F3D-457C-B088-3A5042F75D52}") = "Vigade otsing", "Vigade otsing.pyproj", "{64F8911D-BDD0-4663-8F06-E87F2EA4CE2E}"
EndProject
Global
	GlobalSection(SolutionConfigurationPlatforms) = preSolution
		Debug|Any CPU = Debug|Any CPU
		Release|Any CPU = Release|Any CPU
	EndGlobalSection
	GlobalSection(ProjectConfigurationPlatforms) = postSolution
		{64F8911D-BDD0-4663-8F06-E87F2EA4CE2E}.Debug|Any CPU.ActiveCfg = Debug|Any CPU
		{64F8911D-BDD0-4663-8F06-E87F2EA4CE2E}.Release|Any CPU.ActiveCfg = Release|Any CPU
	EndGlobalSection
	GlobalSection(SolutionProperties) = preSolution
		HideSolutionNode = FALSE
	EndGlobalSection
	GlobalSection(ExtensibilityGlobals) = postSolution
		SolutionGuid = {050BA526-43FD-44E0-B11E-8FC9B86B1B23}
	EndGlobalSection
EndGlobal
